// !$*UTF8*$!
{
	archiveVersion = 1;
	classes = {
	};
	objectVersion = 73;
	objects = {

/* Begin PBXBuildFile section */
		9189BA6F3F92EC552DFF8948 /* main.swift in Sources */ = {isa = PBXBuildFile; fileRef = 0A3FB34039A02CF01C8AA74A /* main.swift */; };
		A1B2C3D4E5F60718293A4B5C /* org.burnman.helper.plist in Copy Helper LaunchDaemon plist */ = {isa = PBXBuildFile; fileRef = F1A2B3C4D5E6F7890A1B2C3D /* org.burnman.helper.plist */; };
		BEBF611E2F4FBCC0000A3F8E /* VLCKit.xcframework in Frameworks */ = {isa = PBXBuildFile; fileRef = BEBF611D2F4FBCC0000A3F8E /* VLCKit.xcframework */; };
		BEBF611F2F4FBCC0000A3F8E /* VLCKit.xcframework in Copy cdrdao */ = {isa = PBXBuildFile; fileRef = BEBF611D2F4FBCC0000A3F8E /* VLCKit.xcframework */; settings = {ATTRIBUTES = (CodeSignOnCopy, RemoveHeadersOnCopy, ); }; };
		BEF805562F4DD32400509E59 /* BurnManHelper in CopyFiles */ = {isa = PBXBuildFile; fileRef = 6A79634F977874AFC393286A /* BurnManHelper */; settings = {ATTRIBUTES = (CodeSignOnCopy, ); }; };
/* End PBXBuildFile section */

/* Begin PBXContainerItemProxy section */
		7E17B27760B92A1CBD2AB3D7 /* PBXContainerItemProxy */ = {
			isa = PBXContainerItemProxy;
			containerPortal = 754D79DD4B71B70925C9D5EE /* Project object */;
			proxyType = 1;
			remoteGlobalIDString = FB03FD967A73617FD1DAE9C4;
			remoteInfo = BurnManHelper;
		};
/* End PBXContainerItemProxy section */

/* Begin PBXCopyFilesBuildPhase section */
		02E5C01EA776ABA874190B0E /* Copy xorriso */ = {
			isa = PBXCopyFilesBuildPhase;
			buildActionMask = 2147483647;
			dstPath = "";
			dstSubfolderSpec = 10;
			files = (
			);
			name = "Copy xorriso";
			runOnlyForDeploymentPostprocessing = 0;
		};
		BE5801EA2F4CF432008B3C66 /* Copy cdrdao */ = {
			isa = PBXCopyFilesBuildPhase;
			buildActionMask = 2147483647;
			dstPath = "";
			dstSubfolderSpec = 10;
			files = (
				BEBF611F2F4FBCC0000A3F8E /* VLCKit.xcframework in Copy cdrdao */,
			);
			name = "Copy cdrdao";
			runOnlyForDeploymentPostprocessing = 0;
		};
		BE5802082F4CFA8E008B3C66 /* Copy ffmpeg */ = {
			isa = PBXCopyFilesBuildPhase;
			buildActionMask = 2147483647;
			dstPath = "";
			dstSubfolderSpec = 10;
			files = (
			);
			name = "Copy ffmpeg";
			runOnlyForDeploymentPostprocessing = 0;
		};
		BE58021C2F4CFB5B008B3C66 /* Copy dvdrwtools */ = {
			isa = PBXCopyFilesBuildPhase;
			buildActionMask = 2147483647;
			dstPath = "";
			dstSubfolderSpec = 10;
			files = (
			);
			name = "Copy dvdrwtools";
			runOnlyForDeploymentPostprocessing = 0;
		};
		BE5803012F50A001008B3C66 /* Copy dvda-author */ = {
			isa = PBXCopyFilesBuildPhase;
			buildActionMask = 2147483647;
			dstPath = "";
			dstSubfolderSpec = 10;
			files = (
			);
			name = "Copy dvda-author";
			runOnlyForDeploymentPostprocessing = 0;
		};
		BE5803AA2F60A001008B3C66 /* Copy cdrtools */ = {
			isa = PBXCopyFilesBuildPhase;
			buildActionMask = 2147483647;
			dstPath = "";
			dstSubfolderSpec = 10;
			files = (
			);
			name = "Copy cdrtools";
			runOnlyForDeploymentPostprocessing = 0;
		};
		BEF805552F4DD2E500509E59 /* CopyFiles */ = {
			isa = PBXCopyFilesBuildPhase;
			buildActionMask = 2147483647;
			dstPath = "";
			dstSubfolderSpec = 6;
			files = (
				BEF805562F4DD32400509E59 /* BurnManHelper in CopyFiles */,
			);
			runOnlyForDeploymentPostprocessing = 0;
		};
		FDA461BDA4901F638EC757A2 /* Copy Helper LaunchDaemon plist */ = {
			isa = PBXCopyFilesBuildPhase;
			buildActionMask = 2147483647;
			dstPath = Contents/Library/LaunchDaemons;
			dstSubfolderSpec = 1;
			files = (
				A1B2C3D4E5F60718293A4B5C /* org.burnman.helper.plist in Copy Helper LaunchDaemon plist */,
			);
			name = "Copy Helper LaunchDaemon plist";
			runOnlyForDeploymentPostprocessing = 0;
		};
/* End PBXCopyFilesBuildPhase section */

/* Begin PBXFileReference section */
		0A3FB34039A02CF01C8AA74A /* main.swift */ = {isa = PBXFileReference; lastKnownFileType = sourcecode.swift; path = main.swift; sourceTree = "<group>"; };
		3DF3BF8AC9DE3286A6C48293 /* BurnMan.app */ = {isa = PBXFileReference; explicitFileType = wrapper.application; includeInIndex = 0; path = BurnMan.app; sourceTree = BUILT_PRODUCTS_DIR; };
		6A79634F977874AFC393286A /* BurnManHelper */ = {isa = PBXFileReference; explicitFileType = "compiled.mach-o.executable"; includeInIndex = 0; path = BurnManHelper; sourceTree = BUILT_PRODUCTS_DIR; };
		AA22BB33CC44DD55EE66FF04 /* Info.plist */ = {isa = PBXFileReference; lastKnownFileType = text.plist.xml; path = Info.plist; sourceTree = "<group>"; };
		AABB0001AABB0001AABB0001 /* Local.xcconfig */ = {isa = PBXFileReference; lastKnownFileType = text.xcconfig; path = Local.xcconfig; sourceTree = "<group>"; };
		BEBF611D2F4FBCC0000A3F8E /* VLCKit.xcframework */ = {isa = PBXFileReference; lastKnownFileType = wrapper.xcframework; name = VLCKit.xcframework; path = Carthage/Build/VLCKit.xcframework; sourceTree = "<group>"; };
		F1A2B3C4D5E6F7890A1B2C3D /* org.burnman.helper.plist */ = {isa = PBXFileReference; lastKnownFileType = text.plist.xml; path = org.burnman.helper.plist; sourceTree = "<group>"; };
/* End PBXFileReference section */

/* Begin PBXFileSystemSynchronizedBuildFileExceptionSet section */
		BE6C640F2F5065C6005536D8 /* PBXFileSystemSynchronizedBuildFileExceptionSet */ = {
			isa = PBXFileSystemSynchronizedBuildFileExceptionSet;
			membershipExceptions = (
				Info.plist,
				"Resources/cdrdao-bundle/cdrdao",
				"Resources/cdrdao-bundle/libao.4.dylib",
				"Resources/cdrdao-bundle/libmad.0.dylib",
				"Resources/cdrdao-bundle/libogg.0.dylib",
				"Resources/cdrdao-bundle/libvorbis.0.dylib",
				"Resources/cdrdao-bundle/libvorbisfile.3.dylib",
				"Resources/cdrtools-bundle/mkisofs",
				"Resources/dvda-author-bundle/dvda-author",
				"Resources/dvdrwtools-bundle/dvd+rw-booktype",
				"Resources/dvdrwtools-bundle/dvd+rw-format",
				"Resources/dvdrwtools-bundle/dvd+rw-mediainfo",
				"Resources/dvdrwtools-bundle/growisofs",
				"Resources/ffmpeg-bundle/ffmpeg",
				"Resources/ffmpeg-bundle/ffprobe",
				"Resources/ffmpeg-bundle/libaom.3.13.1.dylib",
				"Resources/ffmpeg-bundle/libaom.3.dylib",
				"Resources/ffmpeg-bundle/libass.9.dylib",
				"Resources/ffmpeg-bundle/libavcodec.62.11.100.dylib",
				"Resources/ffmpeg-bundle/libavcodec.62.dylib",
				"Resources/ffmpeg-bundle/libavdevice.62.1.100.dylib",
				"Resources/ffmpeg-bundle/libavdevice.62.dylib",
				"Resources/ffmpeg-bundle/libavfilter.11.4.100.dylib",
				"Resources/ffmpeg-bundle/libavfilter.11.dylib",
				"Resources/ffmpeg-bundle/libavformat.62.3.100.dylib",
				"Resources/ffmpeg-bundle/libavformat.62.dylib",
				"Resources/ffmpeg-bundle/libavutil.60.8.100.dylib",
				"Resources/ffmpeg-bundle/libavutil.60.dylib",
				"Resources/ffmpeg-bundle/libbluray.3.dylib",
				"Resources/ffmpeg-bundle/libcairo-gobject.2.dylib",
				"Resources/ffmpeg-bundle/libcairo.2.dylib",
				"Resources/ffmpeg-bundle/libcrypto.3.dylib",
				"Resources/ffmpeg-bundle/libdatrie.1.dylib",
				"Resources/ffmpeg-bundle/libdav1d.7.dylib",
				"Resources/ffmpeg-bundle/libdvdcss.2.dylib",
				"Resources/ffmpeg-bundle/libdvdnav.4.dylib",
				"Resources/ffmpeg-bundle/libdvdread.8.dylib",
				"Resources/ffmpeg-bundle/libfdk-aac.2.dylib",
				"Resources/ffmpeg-bundle/libfontconfig.1.dylib",
				"Resources/ffmpeg-bundle/libfreetype.6.dylib",
				"Resources/ffmpeg-bundle/libfribidi.0.dylib",
				"Resources/ffmpeg-bundle/libgdk_pixbuf-2.0.0.dylib",
				"Resources/ffmpeg-bundle/libgdk_pixbuf-2.0.dylib",
				"Resources/ffmpeg-bundle/libgio-2.0.0.dylib",
				"Resources/ffmpeg-bundle/libgio-2.0.dylib",
				"Resources/ffmpeg-bundle/libglib-2.0.0.dylib",
				"Resources/ffmpeg-bundle/libglib-2.0.dylib",
				"Resources/ffmpeg-bundle/libgmodule-2.0.0.dylib",
				"Resources/ffmpeg-bundle/libgmodule-2.0.dylib",
				"Resources/ffmpeg-bundle/libgobject-2.0.0.dylib",
				"Resources/ffmpeg-bundle/libgobject-2.0.dylib",
				"Resources/ffmpeg-bundle/libgraphite2.3.2.1.dylib",
				"Resources/ffmpeg-bundle/libgraphite2.3.dylib",
				"Resources/ffmpeg-bundle/libharfbuzz.0.dylib",
				"Resources/ffmpeg-bundle/libintl.8.dylib",
				"Resources/ffmpeg-bundle/libjpeg.8.3.2.dylib",
				"Resources/ffmpeg-bundle/libjpeg.8.dylib",
				"Resources/ffmpeg-bundle/liblzma.5.dylib",
				"Resources/ffmpeg-bundle/libmp3lame.0.dylib",
				"Resources/ffmpeg-bundle/libopenh264.2.6.0.dylib",
				"Resources/ffmpeg-bundle/libopenh264.2.dylib",
				"Resources/ffmpeg-bundle/libopenh264.8.dylib",
				"Resources/ffmpeg-bundle/libopenjp2.2.5.4.dylib",
				"Resources/ffmpeg-bundle/libopenjp2.2.dylib",
				"Resources/ffmpeg-bundle/libopenjp2.7.dylib",
				"Resources/ffmpeg-bundle/libopus.0.dylib",
				"Resources/ffmpeg-bundle/libpango-1.0.0.dylib",
				"Resources/ffmpeg-bundle/libpango-1.0.dylib",
				"Resources/ffmpeg-bundle/libpangocairo-1.0.0.dylib",
				"Resources/ffmpeg-bundle/libpangocairo-1.0.dylib",
				"Resources/ffmpeg-bundle/libpangoft2-1.0.0.dylib",
				"Resources/ffmpeg-bundle/libpangoft2-1.0.dylib",
				"Resources/ffmpeg-bundle/libpcre2-8.0.dylib",
				"Resources/ffmpeg-bundle/libpixman-1.0.dylib",
				"Resources/ffmpeg-bundle/libpng16.16.dylib",
				"Resources/ffmpeg-bundle/librav1e.0.8.1.dylib",
				"Resources/ffmpeg-bundle/librav1e.0.8.dylib",
				"Resources/ffmpeg-bundle/librav1e.0.dylib",
				"Resources/ffmpeg-bundle/librsvg-2.2.dylib",
				"Resources/ffmpeg-bundle/libsharpyuv.0.1.2.dylib",
				"Resources/ffmpeg-bundle/libsharpyuv.0.dylib",
				"Resources/ffmpeg-bundle/libsnappy.1.2.2.dylib",
				"Resources/ffmpeg-bundle/libsnappy.1.dylib",
				"Resources/ffmpeg-bundle/libsoxr.0.1.2.dylib",
				"Resources/ffmpeg-bundle/libsoxr.0.dylib",
				"Resources/ffmpeg-bundle/libspeex.1.dylib",
				"Resources/ffmpeg-bundle/libssl.3.dylib",
				"Resources/ffmpeg-bundle/libSvtAv1Enc.4.0.1.dylib",
				"Resources/ffmpeg-bundle/libSvtAv1Enc.4.dylib",
				"Resources/ffmpeg-bundle/libswresample.6.1.100.dylib",
				"Resources/ffmpeg-bundle/libswresample.6.dylib",
				"Resources/ffmpeg-bundle/libswscale.9.1.100.dylib",
				"Resources/ffmpeg-bundle/libswscale.9.dylib",
				"Resources/ffmpeg-bundle/libthai.0.dylib",
				"Resources/ffmpeg-bundle/libtheoradec.2.dylib",
				"Resources/ffmpeg-bundle/libtheoraenc.2.dylib",
				"Resources/ffmpeg-bundle/libudfread.3.dylib",
				"Resources/ffmpeg-bundle/libunibreak.6.dylib",
				"Resources/ffmpeg-bundle/libvmaf.3.dylib",
				"Resources/ffmpeg-bundle/libvorbisenc.2.dylib",
				"Resources/ffmpeg-bundle/libvpx.12.dylib",
				"Resources/ffmpeg-bundle/libwebp.7.2.0.dylib",
				"Resources/ffmpeg-bundle/libwebp.7.dylib",
				"Resources/ffmpeg-bundle/libwebpmux.3.1.2.dylib",
				"Resources/ffmpeg-bundle/libwebpmux.3.dylib",
				"Resources/ffmpeg-bundle/libX11.6.dylib",
				"Resources/ffmpeg-bundle/libx264.165.dylib",
				"Resources/ffmpeg-bundle/libx265.215.dylib",
				"Resources/ffmpeg-bundle/libXau.6.dylib",
				"Resources/ffmpeg-bundle/libxcb-render.0.0.0.dylib",
				"Resources/ffmpeg-bundle/libxcb-render.0.dylib",
				"Resources/ffmpeg-bundle/libxcb-shape.0.0.0.dylib",
				"Resources/ffmpeg-bundle/libxcb-shape.0.dylib",
				"Resources/ffmpeg-bundle/libxcb-shm.0.0.0.dylib",
				"Resources/ffmpeg-bundle/libxcb-shm.0.dylib",
				"Resources/ffmpeg-bundle/libxcb-xfixes.0.0.0.dylib",
				"Resources/ffmpeg-bundle/libxcb-xfixes.0.dylib",
				"Resources/ffmpeg-bundle/libxcb.1.1.0.dylib",
				"Resources/ffmpeg-bundle/libxcb.1.dylib",
				"Resources/ffmpeg-bundle/libXdmcp.6.dylib",
				"Resources/ffmpeg-bundle/libXext.6.dylib",
				"Resources/ffmpeg-bundle/libxml2.16.dylib",
				"Resources/ffmpeg-bundle/libXrender.1.dylib",
				"Resources/ffmpeg-bundle/libzimg.2.dylib",
				"Resources/xorriso-bundle/xorriso",
			);
			target = 341F60379F353726252BFECF /* BurnMan */;
		};
/* End PBXFileSystemSynchronizedBuildFileExceptionSet section */

/* Begin PBXFileSystemSynchronizedGroupBuildPhaseMembershipExceptionSet section */
		BE6C64102F5065C6005536D8 /* PBXFileSystemSynchronizedGroupBuildPhaseMembershipExceptionSet */ = {
			isa = PBXFileSystemSynchronizedGroupBuildPhaseMembershipExceptionSet;
			attributesByRelativePath = {
				"Resources/cdrdao-bundle/cdrdao" = (
					CodeSignOnCopy,
				);
				"Resources/cdrdao-bundle/libao.4.dylib" = (
					CodeSignOnCopy,
				);
				"Resources/cdrdao-bundle/libmad.0.dylib" = (
					CodeSignOnCopy,
				);
				"Resources/cdrdao-bundle/libogg.0.dylib" = (
					CodeSignOnCopy,
				);
				"Resources/cdrdao-bundle/libvorbis.0.dylib" = (
					CodeSignOnCopy,
				);
				"Resources/cdrdao-bundle/libvorbisfile.3.dylib" = (
					CodeSignOnCopy,
				);
			};
			buildPhase = BE5801EA2F4CF432008B3C66 /* Copy cdrdao */;
			membershipExceptions = (
				"Resources/cdrdao-bundle/cdrdao",
				"Resources/cdrdao-bundle/libao.4.dylib",
				"Resources/cdrdao-bundle/libmad.0.dylib",
				"Resources/cdrdao-bundle/libogg.0.dylib",
				"Resources/cdrdao-bundle/libvorbis.0.dylib",
				"Resources/cdrdao-bundle/libvorbisfile.3.dylib",
			);
		};
		BE6C64112F5065C6005536D8 /* PBXFileSystemSynchronizedGroupBuildPhaseMembershipExceptionSet */ = {
			isa = PBXFileSystemSynchronizedGroupBuildPhaseMembershipExceptionSet;
			attributesByRelativePath = {
				"Resources/xorriso-bundle/xorriso" = (
					CodeSignOnCopy,
				);
			};
			buildPhase = 02E5C01EA776ABA874190B0E /* Copy xorriso */;
			membershipExceptions = (
				"Resources/xorriso-bundle/xorriso",
			);
		};
		BE6C64122F5065C6005536D8 /* PBXFileSystemSynchronizedGroupBuildPhaseMembershipExceptionSet */ = {
			isa = PBXFileSystemSynchronizedGroupBuildPhaseMembershipExceptionSet;
			attributesByRelativePath = {
				"Resources/dvda-author-bundle/dvda-author" = (
					CodeSignOnCopy,
				);
			};
			buildPhase = BE5803012F50A001008B3C66 /* Copy dvda-author */;
			membershipExceptions = (
				"Resources/dvda-author-bundle/dvda-author",
			);
		};
		BE6C64132F5065C6005536D8 /* PBXFileSystemSynchronizedGroupBuildPhaseMembershipExceptionSet */ = {
			isa = PBXFileSystemSynchronizedGroupBuildPhaseMembershipExceptionSet;
			attributesByRelativePath = {
				"Resources/dvdrwtools-bundle/dvd+rw-booktype" = (
					CodeSignOnCopy,
				);
				"Resources/dvdrwtools-bundle/dvd+rw-format" = (
					CodeSignOnCopy,
				);
				"Resources/dvdrwtools-bundle/dvd+rw-mediainfo" = (
					CodeSignOnCopy,
				);
				"Resources/dvdrwtools-bundle/growisofs" = (
					CodeSignOnCopy,
				);
			};
			buildPhase = BE58021C2F4CFB5B008B3C66 /* Copy dvdrwtools */;
			membershipExceptions = (
				"Resources/dvdrwtools-bundle/dvd+rw-booktype",
				"Resources/dvdrwtools-bundle/dvd+rw-format",
				"Resources/dvdrwtools-bundle/dvd+rw-mediainfo",
				"Resources/dvdrwtools-bundle/growisofs",
			);
		};
		BE6C64142F5065C6005536D8 /* PBXFileSystemSynchronizedGroupBuildPhaseMembershipExceptionSet */ = {
			isa = PBXFileSystemSynchronizedGroupBuildPhaseMembershipExceptionSet;
			attributesByRelativePath = {
				"Resources/ffmpeg-bundle/ffmpeg" = (
					CodeSignOnCopy,
				);
				"Resources/ffmpeg-bundle/ffprobe" = (
					CodeSignOnCopy,
				);
				"Resources/ffmpeg-bundle/libSvtAv1Enc.4.0.1.dylib" = (
					CodeSignOnCopy,
				);
				"Resources/ffmpeg-bundle/libSvtAv1Enc.4.dylib" = (
					CodeSignOnCopy,
				);
				"Resources/ffmpeg-bundle/libX11.6.dylib" = (
					CodeSignOnCopy,
				);
				"Resources/ffmpeg-bundle/libXau.6.dylib" = (
					CodeSignOnCopy,
				);
				"Resources/ffmpeg-bundle/libXdmcp.6.dylib" = (
					CodeSignOnCopy,
				);
				"Resources/ffmpeg-bundle/libXext.6.dylib" = (
					CodeSignOnCopy,
				);
				"Resources/ffmpeg-bundle/libXrender.1.dylib" = (
					CodeSignOnCopy,
				);
				"Resources/ffmpeg-bundle/libaom.3.13.1.dylib" = (
					CodeSignOnCopy,
				);
				"Resources/ffmpeg-bundle/libaom.3.dylib" = (
					CodeSignOnCopy,
				);
				"Resources/ffmpeg-bundle/libass.9.dylib" = (
					CodeSignOnCopy,
				);
				"Resources/ffmpeg-bundle/libavcodec.62.11.100.dylib" = (
					CodeSignOnCopy,
				);
				"Resources/ffmpeg-bundle/libavcodec.62.dylib" = (
					CodeSignOnCopy,
				);
				"Resources/ffmpeg-bundle/libavdevice.62.1.100.dylib" = (
					CodeSignOnCopy,
				);
				"Resources/ffmpeg-bundle/libavdevice.62.dylib" = (
					CodeSignOnCopy,
				);
				"Resources/ffmpeg-bundle/libavfilter.11.4.100.dylib" = (
					CodeSignOnCopy,
				);
				"Resources/ffmpeg-bundle/libavfilter.11.dylib" = (
					CodeSignOnCopy,
				);
				"Resources/ffmpeg-bundle/libavformat.62.3.100.dylib" = (
					CodeSignOnCopy,
				);
				"Resources/ffmpeg-bundle/libavformat.62.dylib" = (
					CodeSignOnCopy,
				);
				"Resources/ffmpeg-bundle/libavutil.60.8.100.dylib" = (
					CodeSignOnCopy,
				);
				"Resources/ffmpeg-bundle/libavutil.60.dylib" = (
					CodeSignOnCopy,
				);
				"Resources/ffmpeg-bundle/libbluray.3.dylib" = (
					CodeSignOnCopy,
				);
				"Resources/ffmpeg-bundle/libcairo-gobject.2.dylib" = (
					CodeSignOnCopy,
				);
				"Resources/ffmpeg-bundle/libcairo.2.dylib" = (
					CodeSignOnCopy,
				);
				"Resources/ffmpeg-bundle/libcrypto.3.dylib" = (
					CodeSignOnCopy,
				);
				"Resources/ffmpeg-bundle/libdatrie.1.dylib" = (
					CodeSignOnCopy,
				);
				"Resources/ffmpeg-bundle/libdav1d.7.dylib" = (
					CodeSignOnCopy,
				);
				"Resources/ffmpeg-bundle/libdvdcss.2.dylib" = (
					CodeSignOnCopy,
				);
				"Resources/ffmpeg-bundle/libdvdnav.4.dylib" = (
					CodeSignOnCopy,
				);
				"Resources/ffmpeg-bundle/libdvdread.8.dylib" = (
					CodeSignOnCopy,
				);
				"Resources/ffmpeg-bundle/libfdk-aac.2.dylib" = (
					CodeSignOnCopy,
				);
				"Resources/ffmpeg-bundle/libfontconfig.1.dylib" = (
					CodeSignOnCopy,
				);
				"Resources/ffmpeg-bundle/libfreetype.6.dylib" = (
					CodeSignOnCopy,
				);
				"Resources/ffmpeg-bundle/libfribidi.0.dylib" = (
					CodeSignOnCopy,
				);
				"Resources/ffmpeg-bundle/libgdk_pixbuf-2.0.0.dylib" = (
					CodeSignOnCopy,
				);
				"Resources/ffmpeg-bundle/libgdk_pixbuf-2.0.dylib" = (
					CodeSignOnCopy,
				);
				"Resources/ffmpeg-bundle/libgio-2.0.0.dylib" = (
					CodeSignOnCopy,
				);
				"Resources/ffmpeg-bundle/libgio-2.0.dylib" = (
					CodeSignOnCopy,
				);
				"Resources/ffmpeg-bundle/libglib-2.0.0.dylib" = (
					CodeSignOnCopy,
				);
				"Resources/ffmpeg-bundle/libglib-2.0.dylib" = (
					CodeSignOnCopy,
				);
				"Resources/ffmpeg-bundle/libgmodule-2.0.0.dylib" = (
					CodeSignOnCopy,
				);
				"Resources/ffmpeg-bundle/libgmodule-2.0.dylib" = (
					CodeSignOnCopy,
				);
				"Resources/ffmpeg-bundle/libgobject-2.0.0.dylib" = (
					CodeSignOnCopy,
				);
				"Resources/ffmpeg-bundle/libgobject-2.0.dylib" = (
					CodeSignOnCopy,
				);
				"Resources/ffmpeg-bundle/libgraphite2.3.2.1.dylib" = (
					CodeSignOnCopy,
				);
				"Resources/ffmpeg-bundle/libgraphite2.3.dylib" = (
					CodeSignOnCopy,
				);
				"Resources/ffmpeg-bundle/libharfbuzz.0.dylib" = (
					CodeSignOnCopy,
				);
				"Resources/ffmpeg-bundle/libintl.8.dylib" = (
					CodeSignOnCopy,
				);
				"Resources/ffmpeg-bundle/libjpeg.8.3.2.dylib" = (
					CodeSignOnCopy,
				);
				"Resources/ffmpeg-bundle/libjpeg.8.dylib" = (
					CodeSignOnCopy,
				);
				"Resources/ffmpeg-bundle/liblzma.5.dylib" = (
					CodeSignOnCopy,
				);
				"Resources/ffmpeg-bundle/libmp3lame.0.dylib" = (
					CodeSignOnCopy,
				);
				"Resources/ffmpeg-bundle/libopenh264.2.6.0.dylib" = (
					CodeSignOnCopy,
				);
				"Resources/ffmpeg-bundle/libopenh264.2.dylib" = (
					CodeSignOnCopy,
				);
				"Resources/ffmpeg-bundle/libopenh264.8.dylib" = (
					CodeSignOnCopy,
				);
				"Resources/ffmpeg-bundle/libopenjp2.2.5.4.dylib" = (
					CodeSignOnCopy,
				);
				"Resources/ffmpeg-bundle/libopenjp2.2.dylib" = (
					CodeSignOnCopy,
				);
				"Resources/ffmpeg-bundle/libopenjp2.7.dylib" = (
					CodeSignOnCopy,
				);
				"Resources/ffmpeg-bundle/libopus.0.dylib" = (
					CodeSignOnCopy,
				);
				"Resources/ffmpeg-bundle/libpango-1.0.0.dylib" = (
					CodeSignOnCopy,
				);
				"Resources/ffmpeg-bundle/libpango-1.0.dylib" = (
					CodeSignOnCopy,
				);
				"Resources/ffmpeg-bundle/libpangocairo-1.0.0.dylib" = (
					CodeSignOnCopy,
				);
				"Resources/ffmpeg-bundle/libpangocairo-1.0.dylib" = (
					CodeSignOnCopy,
				);
				"Resources/ffmpeg-bundle/libpangoft2-1.0.0.dylib" = (
					CodeSignOnCopy,
				);
				"Resources/ffmpeg-bundle/libpangoft2-1.0.dylib" = (
					CodeSignOnCopy,
				);
				"Resources/ffmpeg-bundle/libpcre2-8.0.dylib" = (
					CodeSignOnCopy,
				);
				"Resources/ffmpeg-bundle/libpixman-1.0.dylib" = (
					CodeSignOnCopy,
				);
				"Resources/ffmpeg-bundle/libpng16.16.dylib" = (
					CodeSignOnCopy,
				);
				"Resources/ffmpeg-bundle/librav1e.0.8.1.dylib" = (
					CodeSignOnCopy,
				);
				"Resources/ffmpeg-bundle/librav1e.0.8.dylib" = (
					CodeSignOnCopy,
				);
				"Resources/ffmpeg-bundle/librav1e.0.dylib" = (
					CodeSignOnCopy,
				);
				"Resources/ffmpeg-bundle/librsvg-2.2.dylib" = (
					CodeSignOnCopy,
				);
				"Resources/ffmpeg-bundle/libsharpyuv.0.1.2.dylib" = (
					CodeSignOnCopy,
				);
				"Resources/ffmpeg-bundle/libsharpyuv.0.dylib" = (
					CodeSignOnCopy,
				);
				"Resources/ffmpeg-bundle/libsnappy.1.2.2.dylib" = (
					CodeSignOnCopy,
				);
				"Resources/ffmpeg-bundle/libsnappy.1.dylib" = (
					CodeSignOnCopy,
				);
				"Resources/ffmpeg-bundle/libsoxr.0.1.2.dylib" = (
					CodeSignOnCopy,
				);
				"Resources/ffmpeg-bundle/libsoxr.0.dylib" = (
					CodeSignOnCopy,
				);
				"Resources/ffmpeg-bundle/libspeex.1.dylib" = (
					CodeSignOnCopy,
				);
				"Resources/ffmpeg-bundle/libssl.3.dylib" = (
					CodeSignOnCopy,
				);
				"Resources/ffmpeg-bundle/libswresample.6.1.100.dylib" = (
					CodeSignOnCopy,
				);
				"Resources/ffmpeg-bundle/libswresample.6.dylib" = (
					CodeSignOnCopy,
				);
				"Resources/ffmpeg-bundle/libswscale.9.1.100.dylib" = (
					CodeSignOnCopy,
				);
				"Resources/ffmpeg-bundle/libswscale.9.dylib" = (
					CodeSignOnCopy,
				);
				"Resources/ffmpeg-bundle/libthai.0.dylib" = (
					CodeSignOnCopy,
				);
				"Resources/ffmpeg-bundle/libtheoradec.2.dylib" = (
					CodeSignOnCopy,
				);
				"Resources/ffmpeg-bundle/libtheoraenc.2.dylib" = (
					CodeSignOnCopy,
				);
				"Resources/ffmpeg-bundle/libudfread.3.dylib" = (
					CodeSignOnCopy,
				);
				"Resources/ffmpeg-bundle/libunibreak.6.dylib" = (
					CodeSignOnCopy,
				);
				"Resources/ffmpeg-bundle/libvmaf.3.dylib" = (
					CodeSignOnCopy,
				);
				"Resources/ffmpeg-bundle/libvorbisenc.2.dylib" = (
					CodeSignOnCopy,
				);
				"Resources/ffmpeg-bundle/libvpx.12.dylib" = (
					CodeSignOnCopy,
				);
				"Resources/ffmpeg-bundle/libwebp.7.2.0.dylib" = (
					CodeSignOnCopy,
				);
				"Resources/ffmpeg-bundle/libwebp.7.dylib" = (
					CodeSignOnCopy,
				);
				"Resources/ffmpeg-bundle/libwebpmux.3.1.2.dylib" = (
					CodeSignOnCopy,
				);
				"Resources/ffmpeg-bundle/libwebpmux.3.dylib" = (
					CodeSignOnCopy,
				);
				"Resources/ffmpeg-bundle/libx264.165.dylib" = (
					CodeSignOnCopy,
				);
				"Resources/ffmpeg-bundle/libx265.215.dylib" = (
					CodeSignOnCopy,
				);
				"Resources/ffmpeg-bundle/libxcb-render.0.0.0.dylib" = (
					CodeSignOnCopy,
				);
				"Resources/ffmpeg-bundle/libxcb-render.0.dylib" = (
					CodeSignOnCopy,
				);
				"Resources/ffmpeg-bundle/libxcb-shape.0.0.0.dylib" = (
					CodeSignOnCopy,
				);
				"Resources/ffmpeg-bundle/libxcb-shape.0.dylib" = (
					CodeSignOnCopy,
				);
				"Resources/ffmpeg-bundle/libxcb-shm.0.0.0.dylib" = (
					CodeSignOnCopy,
				);
				"Resources/ffmpeg-bundle/libxcb-shm.0.dylib" = (
					CodeSignOnCopy,
				);
				"Resources/ffmpeg-bundle/libxcb-xfixes.0.0.0.dylib" = (
					CodeSignOnCopy,
				);
				"Resources/ffmpeg-bundle/libxcb-xfixes.0.dylib" = (
					CodeSignOnCopy,
				);
				"Resources/ffmpeg-bundle/libxcb.1.1.0.dylib" = (
					CodeSignOnCopy,
				);
				"Resources/ffmpeg-bundle/libxcb.1.dylib" = (
					CodeSignOnCopy,
				);
				"Resources/ffmpeg-bundle/libxml2.16.dylib" = (
					CodeSignOnCopy,
				);
				"Resources/ffmpeg-bundle/libzimg.2.dylib" = (
					CodeSignOnCopy,
				);
			};
			buildPhase = BE5802082F4CFA8E008B3C66 /* Copy ffmpeg */;
			membershipExceptions = (
				"Resources/ffmpeg-bundle/ffmpeg",
				"Resources/ffmpeg-bundle/ffprobe",
				"Resources/ffmpeg-bundle/libaom.3.13.1.dylib",
				"Resources/ffmpeg-bundle/libaom.3.dylib",
				"Resources/ffmpeg-bundle/libass.9.dylib",
				"Resources/ffmpeg-bundle/libavcodec.62.11.100.dylib",
				"Resources/ffmpeg-bundle/libavcodec.62.dylib",
				"Resources/ffmpeg-bundle/libavdevice.62.1.100.dylib",
				"Resources/ffmpeg-bundle/libavdevice.62.dylib",
				"Resources/ffmpeg-bundle/libavfilter.11.4.100.dylib",
				"Resources/ffmpeg-bundle/libavfilter.11.dylib",
				"Resources/ffmpeg-bundle/libavformat.62.3.100.dylib",
				"Resources/ffmpeg-bundle/libavformat.62.dylib",
				"Resources/ffmpeg-bundle/libavutil.60.8.100.dylib",
				"Resources/ffmpeg-bundle/libavutil.60.dylib",
				"Resources/ffmpeg-bundle/libbluray.3.dylib",
				"Resources/ffmpeg-bundle/libcairo-gobject.2.dylib",
				"Resources/ffmpeg-bundle/libcairo.2.dylib",
				"Resources/ffmpeg-bundle/libcrypto.3.dylib",
				"Resources/ffmpeg-bundle/libdatrie.1.dylib",
				"Resources/ffmpeg-bundle/libdav1d.7.dylib",
				"Resources/ffmpeg-bundle/libdvdcss.2.dylib",
				"Resources/ffmpeg-bundle/libdvdnav.4.dylib",
				"Resources/ffmpeg-bundle/libdvdread.8.dylib",
				"Resources/ffmpeg-bundle/libfdk-aac.2.dylib",
				"Resources/ffmpeg-bundle/libfontconfig.1.dylib",
				"Resources/ffmpeg-bundle/libfreetype.6.dylib",
				"Resources/ffmpeg-bundle/libfribidi.0.dylib",
				"Resources/ffmpeg-bundle/libgdk_pixbuf-2.0.0.dylib",
				"Resources/ffmpeg-bundle/libgdk_pixbuf-2.0.dylib",
				"Resources/ffmpeg-bundle/libgio-2.0.0.dylib",
				"Resources/ffmpeg-bundle/libgio-2.0.dylib",
				"Resources/ffmpeg-bundle/libglib-2.0.0.dylib",
				"Resources/ffmpeg-bundle/libglib-2.0.dylib",
				"Resources/ffmpeg-bundle/libgmodule-2.0.0.dylib",
				"Resources/ffmpeg-bundle/libgmodule-2.0.dylib",
				"Resources/ffmpeg-bundle/libgobject-2.0.0.dylib",
				"Resources/ffmpeg-bundle/libgobject-2.0.dylib",
				"Resources/ffmpeg-bundle/libgraphite2.3.2.1.dylib",
				"Resources/ffmpeg-bundle/libgraphite2.3.dylib",
				"Resources/ffmpeg-bundle/libharfbuzz.0.dylib",
				"Resources/ffmpeg-bundle/libintl.8.dylib",
				"Resources/ffmpeg-bundle/libjpeg.8.3.2.dylib",
				"Resources/ffmpeg-bundle/libjpeg.8.dylib",
				"Resources/ffmpeg-bundle/liblzma.5.dylib",
				"Resources/ffmpeg-bundle/libmp3lame.0.dylib",
				"Resources/ffmpeg-bundle/libopenh264.2.6.0.dylib",
				"Resources/ffmpeg-bundle/libopenh264.2.dylib",
				"Resources/ffmpeg-bundle/libopenh264.8.dylib",
				"Resources/ffmpeg-bundle/libopenjp2.2.5.4.dylib",
				"Resources/ffmpeg-bundle/libopenjp2.2.dylib",
				"Resources/ffmpeg-bundle/libopenjp2.7.dylib",
				"Resources/ffmpeg-bundle/libopus.0.dylib",
				"Resources/ffmpeg-bundle/libpango-1.0.0.dylib",
				"Resources/ffmpeg-bundle/libpango-1.0.dylib",
				"Resources/ffmpeg-bundle/libpangocairo-1.0.0.dylib",
				"Resources/ffmpeg-bundle/libpangocairo-1.0.dylib",
				"Resources/ffmpeg-bundle/libpangoft2-1.0.0.dylib",
				"Resources/ffmpeg-bundle/libpangoft2-1.0.dylib",
				"Resources/ffmpeg-bundle/libpcre2-8.0.dylib",
				"Resources/ffmpeg-bundle/libpixman-1.0.dylib",
				"Resources/ffmpeg-bundle/libpng16.16.dylib",
				"Resources/ffmpeg-bundle/librav1e.0.8.1.dylib",
				"Resources/ffmpeg-bundle/librav1e.0.8.dylib",
				"Resources/ffmpeg-bundle/librav1e.0.dylib",
				"Resources/ffmpeg-bundle/librsvg-2.2.dylib",
				"Resources/ffmpeg-bundle/libsharpyuv.0.1.2.dylib",
				"Resources/ffmpeg-bundle/libsharpyuv.0.dylib",
				"Resources/ffmpeg-bundle/libsnappy.1.2.2.dylib",
				"Resources/ffmpeg-bundle/libsnappy.1.dylib",
				"Resources/ffmpeg-bundle/libsoxr.0.1.2.dylib",
				"Resources/ffmpeg-bundle/libsoxr.0.dylib",
				"Resources/ffmpeg-bundle/libspeex.1.dylib",
				"Resources/ffmpeg-bundle/libssl.3.dylib",
				"Resources/ffmpeg-bundle/libSvtAv1Enc.4.0.1.dylib",
				"Resources/ffmpeg-bundle/libSvtAv1Enc.4.dylib",
				"Resources/ffmpeg-bundle/libswresample.6.1.100.dylib",
				"Resources/ffmpeg-bundle/libswresample.6.dylib",
				"Resources/ffmpeg-bundle/libswscale.9.1.100.dylib",
				"Resources/ffmpeg-bundle/libswscale.9.dylib",
				"Resources/ffmpeg-bundle/libthai.0.dylib",
				"Resources/ffmpeg-bundle/libtheoradec.2.dylib",
				"Resources/ffmpeg-bundle/libtheoraenc.2.dylib",
				"Resources/ffmpeg-bundle/libudfread.3.dylib",
				"Resources/ffmpeg-bundle/libunibreak.6.dylib",
				"Resources/ffmpeg-bundle/libvmaf.3.dylib",
				"Resources/ffmpeg-bundle/libvorbisenc.2.dylib",
				"Resources/ffmpeg-bundle/libvpx.12.dylib",
				"Resources/ffmpeg-bundle/libwebp.7.2.0.dylib",
				"Resources/ffmpeg-bundle/libwebp.7.dylib",
				"Resources/ffmpeg-bundle/libwebpmux.3.1.2.dylib",
				"Resources/ffmpeg-bundle/libwebpmux.3.dylib",
				"Resources/ffmpeg-bundle/libX11.6.dylib",
				"Resources/ffmpeg-bundle/libx264.165.dylib",
				"Resources/ffmpeg-bundle/libx265.215.dylib",
				"Resources/ffmpeg-bundle/libXau.6.dylib",
				"Resources/ffmpeg-bundle/libxcb-render.0.0.0.dylib",
				"Resources/ffmpeg-bundle/libxcb-render.0.dylib",
				"Resources/ffmpeg-bundle/libxcb-shape.0.0.0.dylib",
				"Resources/ffmpeg-bundle/libxcb-shape.0.dylib",
				"Resources/ffmpeg-bundle/libxcb-shm.0.0.0.dylib",
				"Resources/ffmpeg-bundle/libxcb-shm.0.dylib",
				"Resources/ffmpeg-bundle/libxcb-xfixes.0.0.0.dylib",
				"Resources/ffmpeg-bundle/libxcb-xfixes.0.dylib",
				"Resources/ffmpeg-bundle/libxcb.1.1.0.dylib",
				"Resources/ffmpeg-bundle/libxcb.1.dylib",
				"Resources/ffmpeg-bundle/libXdmcp.6.dylib",
				"Resources/ffmpeg-bundle/libXext.6.dylib",
				"Resources/ffmpeg-bundle/libxml2.16.dylib",
				"Resources/ffmpeg-bundle/libXrender.1.dylib",
				"Resources/ffmpeg-bundle/libzimg.2.dylib",
			);
		};
		BE6C64AA2F60A002005536D8 /* PBXFileSystemSynchronizedGroupBuildPhaseMembershipExceptionSet */ = {
			isa = PBXFileSystemSynchronizedGroupBuildPhaseMembershipExceptionSet;
			attributesByRelativePath = {
				"Resources/cdrtools-bundle/mkisofs" = (
					CodeSignOnCopy,
				);
			};
			buildPhase = BE5803AA2F60A001008B3C66 /* Copy cdrtools */;
			membershipExceptions = (
				"Resources/cdrtools-bundle/mkisofs",
			);
		};
/* End PBXFileSystemSynchronizedGroupBuildPhaseMembershipExceptionSet section */

/* Begin PBXFileSystemSynchronizedRootGroup section */
		BE6C62C52F5065C5005536D8 /* BurnMan */ = {isa = PBXFileSystemSynchronizedRootGroup; exceptions = (BE6C640F2F5065C6005536D8 /* PBXFileSystemSynchronizedBuildFileExceptionSet */, BE6C64102F5065C6005536D8 /* PBXFileSystemSynchronizedGroupBuildPhaseMembershipExceptionSet */, BE6C64112F5065C6005536D8 /* PBXFileSystemSynchronizedGroupBuildPhaseMembershipExceptionSet */, BE6C64AA2F60A002005536D8 /* PBXFileSystemSynchronizedGroupBuildPhaseMembershipExceptionSet */, BE6C64122F5065C6005536D8 /* PBXFileSystemSynchronizedGroupBuildPhaseMembershipExceptionSet */, BE6C64132F5065C6005536D8 /* PBXFileSystemSynchronizedGroupBuildPhaseMembershipExceptionSet */, BE6C64142F5065C6005536D8 /* PBXFileSystemSynchronizedGroupBuildPhaseMembershipExceptionSet */, ); explicitFileTypes = {}; explicitFolders = (); path = BurnMan; sourceTree = "<group>"; };
		BE6C64162F506648005536D8 /* Shared */ = {isa = PBXFileSystemSynchronizedRootGroup; explicitFileTypes = {}; explicitFolders = (); path = Shared; sourceTree = "<group>"; };
/* End PBXFileSystemSynchronizedRootGroup section */

/* Begin PBXFrameworksBuildPhase section */
		BEBF61202F4FBCC0000A3F8E /* Frameworks */ = {
			isa = PBXFrameworksBuildPhase;
			buildActionMask = 2147483647;
			files = (
				BEBF611E2F4FBCC0000A3F8E /* VLCKit.xcframework in Frameworks */,
			);
			runOnlyForDeploymentPostprocessing = 0;
		};
/* End PBXFrameworksBuildPhase section */

/* Begin PBXGroup section */
		936EEADEAC72B2488A834929 = {
			isa = PBXGroup;
			children = (
				AABB0001AABB0001AABB0001 /* Local.xcconfig */,
				BE6C62C52F5065C5005536D8 /* BurnMan */,
				C40FC2A9FA1A8E29F19374D8 /* BurnManHelper */,
				BE6C64162F506648005536D8 /* Shared */,
				98911039BB04C211DDB511C3 /* Products */,
				BEBF611C2F4FBC55000A3F8E /* Frameworks */,
			);
			sourceTree = "<group>";
		};
		98911039BB04C211DDB511C3 /* Products */ = {
			isa = PBXGroup;
			children = (
				3DF3BF8AC9DE3286A6C48293 /* BurnMan.app */,
				6A79634F977874AFC393286A /* BurnManHelper */,
			);
			name = Products;
			sourceTree = "<group>";
		};
		BEBF611C2F4FBC55000A3F8E /* Frameworks */ = {
			isa = PBXGroup;
			children = (
				BEBF611D2F4FBCC0000A3F8E /* VLCKit.xcframework */,
			);
			name = Frameworks;
			sourceTree = "<group>";
		};
		C40FC2A9FA1A8E29F19374D8 /* BurnManHelper */ = {
			isa = PBXGroup;
			children = (
				F1A2B3C4D5E6F7890A1B2C3D /* org.burnman.helper.plist */,
				0A3FB34039A02CF01C8AA74A /* main.swift */,
				AA22BB33CC44DD55EE66FF04 /* Info.plist */,
			);
			path = BurnManHelper;
			sourceTree = "<group>";
		};
/* End PBXGroup section */

/* Begin PBXNativeTarget section */
		341F60379F353726252BFECF /* BurnMan */ = {
			isa = PBXNativeTarget;
			buildConfigurationList = 98F2645A9ED004B27A4ECB1D /* Build configuration list for PBXNativeTarget "BurnMan" */;
			buildPhases = (
				9B7D1852EEAE50B0B44CBE66 /* Sources */,
				042F76450663D6E16F932A5A /* Resources */,
				BEF805552F4DD2E500509E59 /* CopyFiles */,
				BE5801EA2F4CF432008B3C66 /* Copy cdrdao */,
				02E5C01EA776ABA874190B0E /* Copy xorriso */,
				BE5803AA2F60A001008B3C66 /* Copy cdrtools */,
				BE5803012F50A001008B3C66 /* Copy dvda-author */,
				BE58021C2F4CFB5B008B3C66 /* Copy dvdrwtools */,
				BE5802082F4CFA8E008B3C66 /* Copy ffmpeg */,
				BE5802402F4E0A01008B3C66 /* Sign Bundled Tools */,
				FDA461BDA4901F638EC757A2 /* Copy Helper LaunchDaemon plist */,
				BEBF61202F4FBCC0000A3F8E /* Frameworks */,
			);
			buildRules = (
			);
			dependencies = (
				E69C7E9753EC6BACE94A0976 /* PBXTargetDependency */,
			);
			fileSystemSynchronizedGroups = (
				BE6C62C52F5065C5005536D8 /* BurnMan */,
				BE6C64162F506648005536D8 /* Shared */,
			);
			name = BurnMan;
			packageProductDependencies = (
			);
			productName = BurnMan;
			productReference = 3DF3BF8AC9DE3286A6C48293 /* BurnMan.app */;
			productType = "com.apple.product-type.application";
		};
		FB03FD967A73617FD1DAE9C4 /* BurnManHelper */ = {
			isa = PBXNativeTarget;
			buildConfigurationList = BFAE1C4230952C1803864F56 /* Build configuration list for PBXNativeTarget "BurnManHelper" */;
			buildPhases = (
				2511DBD97DA09E1F8BC01C8D /* Sources */,
			);
			buildRules = (
			);
			dependencies = (
			);
			fileSystemSynchronizedGroups = (
				BE6C64162F506648005536D8 /* Shared */,
			);
			name = BurnManHelper;
			packageProductDependencies = (
			);
			productName = BurnManHelper;
			productReference = 6A79634F977874AFC393286A /* BurnManHelper */;
			productType = "com.apple.product-type.tool";
		};
/* End PBXNativeTarget section */

/* Begin PBXProject section */
		754D79DD4B71B70925C9D5EE /* Project object */ = {
			isa = PBXProject;
			attributes = {
				BuildIndependentTargetsInParallel = YES;
				LastUpgradeCheck = 2630;
			};
			buildConfigurationList = 0F4455D148671D2603DADA7B /* Build configuration list for PBXProject "BurnMan" */;
			developmentRegion = en;
			hasScannedForEncodings = 0;
			knownRegions = (
				Base,
				en,
			);
			mainGroup = 936EEADEAC72B2488A834929;
			minimizedProjectReferenceProxies = 1;
			preferredProjectObjectVersion = 56;
			projectDirPath = "";
			projectRoot = "";
			targets = (
				341F60379F353726252BFECF /* BurnMan */,
				FB03FD967A73617FD1DAE9C4 /* BurnManHelper */,
			);
		};
/* End PBXProject section */

/* Begin PBXResourcesBuildPhase section */
		042F76450663D6E16F932A5A /* Resources */ = {
			isa = PBXResourcesBuildPhase;
			buildActionMask = 2147483647;
			files = (
			);
			runOnlyForDeploymentPostprocessing = 0;
		};
/* End PBXResourcesBuildPhase section */

/* Begin PBXShellScriptBuildPhase section */
		BE5802402F4E0A01008B3C66 /* Sign Bundled Tools */ = {
			isa = PBXShellScriptBuildPhase;
			alwaysOutOfDate = 1;
			buildActionMask = 2147483647;
			files = (
			);
			inputPaths = (
			);
			name = "Sign Bundled Tools";
			outputPaths = (
			);
			runOnlyForDeploymentPostprocessing = 0;
			shellPath = /bin/sh;
			shellScript = "FRAMEWORKS_DIR=\"${BUILT_PRODUCTS_DIR}/${FRAMEWORKS_FOLDER_PATH}\"\nif [ -d \"$FRAMEWORKS_DIR\" ]; then\n    find \"$FRAMEWORKS_DIR\" -type f | while read -r f; do\n        if file \"$f\" | grep -q \"Mach-O\"; then\n            /usr/bin/codesign --force --sign \"${EXPANDED_CODE_SIGN_IDENTITY}\" \\\n                --timestamp=none --generate-entitlement-der \"$f\"\n        fi\n    done\nfi\n";
		};
/* End PBXShellScriptBuildPhase section */

/* Begin PBXSourcesBuildPhase section */
		2511DBD97DA09E1F8BC01C8D /* Sources */ = {
			isa = PBXSourcesBuildPhase;
			buildActionMask = 2147483647;
			files = (
				9189BA6F3F92EC552DFF8948 /* main.swift in Sources */,
			);
			runOnlyForDeploymentPostprocessing = 0;
		};
		9B7D1852EEAE50B0B44CBE66 /* Sources */ = {
			isa = PBXSourcesBuildPhase;
			buildActionMask = 2147483647;
			files = (
			);
			runOnlyForDeploymentPostprocessing = 0;
		};
/* End PBXSourcesBuildPhase section */

/* Begin PBXTargetDependency section */
		E69C7E9753EC6BACE94A0976 /* PBXTargetDependency */ = {
			isa = PBXTargetDependency;
			target = FB03FD967A73617FD1DAE9C4 /* BurnManHelper */;
			targetProxy = 7E17B27760B92A1CBD2AB3D7 /* PBXContainerItemProxy */;
		};
/* End PBXTargetDependency section */

/* Begin XCBuildConfiguration section */
		44A308273606BC0B1BFD9B34 /* Debug */ = {
			isa = XCBuildConfiguration;
			baseConfigurationReference = AABB0001AABB0001AABB0001 /* Local.xcconfig */;
			buildSettings = {
				ALWAYS_SEARCH_USER_PATHS = NO;
				CLANG_ANALYZER_NONNULL = YES;
				CLANG_ANALYZER_NUMBER_OBJECT_CONVERSION = YES_AGGRESSIVE;
				CLANG_CXX_LANGUAGE_STANDARD = "gnu++14";
				CLANG_CXX_LIBRARY = "libc++";
				CLANG_ENABLE_MODULES = YES;
				CLANG_ENABLE_OBJC_ARC = YES;
				CLANG_ENABLE_OBJC_WEAK = YES;
				CLANG_WARN_BLOCK_CAPTURE_AUTORELEASING = YES;
				CLANG_WARN_BOOL_CONVERSION = YES;
				CLANG_WARN_COMMA = YES;
				CLANG_WARN_CONSTANT_CONVERSION = YES;
				CLANG_WARN_DEPRECATED_OBJC_IMPLEMENTATIONS = YES;
				CLANG_WARN_DIRECT_OBJC_ISA_USAGE = YES_ERROR;
				CLANG_WARN_DOCUMENTATION_COMMENTS = YES;
				CLANG_WARN_EMPTY_BODY = YES;
				CLANG_WARN_ENUM_CONVERSION = YES;
				CLANG_WARN_INFINITE_RECURSION = YES;
				CLANG_WARN_INT_CONVERSION = YES;
				CLANG_WARN_NON_LITERAL_NULL_CONVERSION = YES;
				CLANG_WARN_OBJC_IMPLICIT_RETAIN_SELF = YES;
				CLANG_WARN_OBJC_LITERAL_CONVERSION = YES;
				CLANG_WARN_OBJC_ROOT_CLASS = YES_ERROR;
				CLANG_WARN_QUOTED_INCLUDE_IN_FRAMEWORK_HEADER = YES;
				CLANG_WARN_RANGE_LOOP_ANALYSIS = YES;
				CLANG_WARN_STRICT_PROTOTYPES = YES;
				CLANG_WARN_SUSPICIOUS_MOVE = YES;
				CLANG_WARN_UNGUARDED_AVAILABILITY = YES_AGGRESSIVE;
				CLANG_WARN_UNREACHABLE_CODE = YES;
				CLANG_WARN__DUPLICATE_METHOD_MATCH = YES;
				COPY_PHASE_STRIP = NO;
				DEAD_CODE_STRIPPING = YES;
				DEBUG_INFORMATION_FORMAT = dwarf;
				ENABLE_STRICT_OBJC_MSGSEND = YES;
				ENABLE_TESTABILITY = YES;
				ENABLE_USER_SCRIPT_SANDBOXING = YES;
				GCC_C_LANGUAGE_STANDARD = gnu11;
				GCC_DYNAMIC_NO_PIC = NO;
				GCC_NO_COMMON_BLOCKS = YES;
				GCC_OPTIMIZATION_LEVEL = 0;
				GCC_PREPROCESSOR_DEFINITIONS = (
					"$(inherited)",
					"DEBUG=1",
				);
				GCC_WARN_64_TO_32_BIT_CONVERSION = YES;
				GCC_WARN_ABOUT_RETURN_TYPE = YES_ERROR;
				GCC_WARN_UNDECLARED_SELECTOR = YES;
				GCC_WARN_UNINITIALIZED_AUTOS = YES_AGGRESSIVE;
				GCC_WARN_UNUSED_FUNCTION = YES;
				GCC_WARN_UNUSED_VARIABLE = YES;
				MACOSX_DEPLOYMENT_TARGET = 26.0;
				MTL_ENABLE_DEBUG_INFO = INCLUDE_SOURCE;
				MTL_FAST_MATH = YES;
				ONLY_ACTIVE_ARCH = YES;
				PRODUCT_NAME = "$(TARGET_NAME)";
				SDKROOT = macosx;
				STRING_CATALOG_GENERATE_SYMBOLS = YES;
				SWIFT_ACTIVE_COMPILATION_CONDITIONS = DEBUG;
				SWIFT_OPTIMIZATION_LEVEL = "-Onone";
				SWIFT_VERSION = 6.0;
			};
			name = Debug;
		};
		6EB022379000050B08FB48A2 /* Debug */ = {
			isa = XCBuildConfiguration;
			buildSettings = {
				CODE_SIGN_IDENTITY = "Apple Development";
				CODE_SIGN_STYLE = Automatic;
				COMBINE_HIDPI_IMAGES = YES;
				DEAD_CODE_STRIPPING = YES;
				DEVELOPMENT_TEAM = "$(inherited)";
				ENABLE_HARDENED_RUNTIME = YES;
				INFOPLIST_FILE = BurnManHelper/Info.plist;
				LD_RUNPATH_SEARCH_PATHS = (
					"$(inherited)",
					"@executable_path/../Frameworks",
				);
				PRODUCT_BUNDLE_IDENTIFIER = org.burnman.helper;
				PROVISIONING_PROFILE_SPECIFIER = "";
				SDKROOT = macosx;
				SKIP_INSTALL = YES;
			};
			name = Debug;
		};
		7693A8848537E93E15DA1E06 /* Release */ = {
			isa = XCBuildConfiguration;
			buildSettings = {
				CODE_SIGN_IDENTITY = "Apple Development";
				CODE_SIGN_STYLE = Automatic;
				COMBINE_HIDPI_IMAGES = YES;
				DEAD_CODE_STRIPPING = YES;
				DEVELOPMENT_TEAM = "$(inherited)";
				ENABLE_HARDENED_RUNTIME = YES;
				INFOPLIST_FILE = BurnManHelper/Info.plist;
				LD_RUNPATH_SEARCH_PATHS = (
					"$(inherited)",
					"@executable_path/../Frameworks",
				);
				PRODUCT_BUNDLE_IDENTIFIER = org.burnman.helper;
				PROVISIONING_PROFILE_SPECIFIER = "";
				SDKROOT = macosx;
				SKIP_INSTALL = YES;
			};
			name = Release;
		};
		919FD575B1251BC263E19405 /* Release */ = {
			isa = XCBuildConfiguration;
			baseConfigurationReference = AABB0001AABB0001AABB0001 /* Local.xcconfig */;
			buildSettings = {
				ALWAYS_SEARCH_USER_PATHS = NO;
				CLANG_ANALYZER_NONNULL = YES;
				CLANG_ANALYZER_NUMBER_OBJECT_CONVERSION = YES_AGGRESSIVE;
				CLANG_CXX_LANGUAGE_STANDARD = "gnu++14";
				CLANG_CXX_LIBRARY = "libc++";
				CLANG_ENABLE_MODULES = YES;
				CLANG_ENABLE_OBJC_ARC = YES;
				CLANG_ENABLE_OBJC_WEAK = YES;
				CLANG_WARN_BLOCK_CAPTURE_AUTORELEASING = YES;
				CLANG_WARN_BOOL_CONVERSION = YES;
				CLANG_WARN_COMMA = YES;
				CLANG_WARN_CONSTANT_CONVERSION = YES;
				CLANG_WARN_DEPRECATED_OBJC_IMPLEMENTATIONS = YES;
				CLANG_WARN_DIRECT_OBJC_ISA_USAGE = YES_ERROR;
				CLANG_WARN_DOCUMENTATION_COMMENTS = YES;
				CLANG_WARN_EMPTY_BODY = YES;
				CLANG_WARN_ENUM_CONVERSION = YES;
				CLANG_WARN_INFINITE_RECURSION = YES;
				CLANG_WARN_INT_CONVERSION = YES;
				CLANG_WARN_NON_LITERAL_NULL_CONVERSION = YES;
				CLANG_WARN_OBJC_IMPLICIT_RETAIN_SELF = YES;
				CLANG_WARN_OBJC_LITERAL_CONVERSION = YES;
				CLANG_WARN_OBJC_ROOT_CLASS = YES_ERROR;
				CLANG_WARN_QUOTED_INCLUDE_IN_FRAMEWORK_HEADER = YES;
				CLANG_WARN_RANGE_LOOP_ANALYSIS = YES;
				CLANG_WARN_STRICT_PROTOTYPES = YES;
				CLANG_WARN_SUSPICIOUS_MOVE = YES;
				CLANG_WARN_UNGUARDED_AVAILABILITY = YES_AGGRESSIVE;
				CLANG_WARN_UNREACHABLE_CODE = YES;
				CLANG_WARN__DUPLICATE_METHOD_MATCH = YES;
				COPY_PHASE_STRIP = NO;
				DEAD_CODE_STRIPPING = YES;
				DEBUG_INFORMATION_FORMAT = "dwarf-with-dsym";
				ENABLE_NS_ASSERTIONS = NO;
				ENABLE_STRICT_OBJC_MSGSEND = YES;
				ENABLE_USER_SCRIPT_SANDBOXING = YES;
				GCC_C_LANGUAGE_STANDARD = gnu11;
				GCC_NO_COMMON_BLOCKS = YES;
				GCC_WARN_64_TO_32_BIT_CONVERSION = YES;
				GCC_WARN_ABOUT_RETURN_TYPE = YES_ERROR;
				GCC_WARN_UNDECLARED_SELECTOR = YES;
				GCC_WARN_UNINITIALIZED_AUTOS = YES_AGGRESSIVE;
				GCC_WARN_UNUSED_FUNCTION = YES;
				GCC_WARN_UNUSED_VARIABLE = YES;
				MACOSX_DEPLOYMENT_TARGET = 26.0;
				MTL_ENABLE_DEBUG_INFO = NO;
				MTL_FAST_MATH = YES;
				PRODUCT_NAME = "$(TARGET_NAME)";
				SDKROOT = macosx;
				STRING_CATALOG_GENERATE_SYMBOLS = YES;
				SWIFT_COMPILATION_MODE = wholemodule;
				SWIFT_OPTIMIZATION_LEVEL = "-O";
				SWIFT_VERSION = 6.0;
			};
			name = Release;
		};
		AF1E63E06EE6F238078AEE4D /* Debug */ = {
			isa = XCBuildConfiguration;
			buildSettings = {
				ASSETCATALOG_COMPILER_APPICON_NAME = AppIcon;
				ASSETCATALOG_COMPILER_INCLUDE_ALL_APPICON_ASSETS = NO;
				CODE_SIGN_ENTITLEMENTS = "BurnMan/BurnMan-Dev.entitlements";
				CODE_SIGN_IDENTITY = "Apple Development";
				CODE_SIGN_STYLE = Automatic;
				COMBINE_HIDPI_IMAGES = YES;
				DEAD_CODE_STRIPPING = YES;
				DEVELOPMENT_TEAM = "$(inherited)";
				ENABLE_HARDENED_RUNTIME = YES;
				ENABLE_USER_SCRIPT_SANDBOXING = NO;
				GENERATE_INFOPLIST_FILE = YES;
				INFOPLIST_FILE = BurnMan/Info.plist;
				INFOPLIST_KEY_CFBundleDisplayName = BurnMan;
				INFOPLIST_KEY_LSApplicationCategoryType = "public.app-category.utilities";
				LD_RUNPATH_SEARCH_PATHS = (
					"$(inherited)",
					"@executable_path/../Frameworks",
				);
				LIBRARY_SEARCH_PATHS = (
					"$(inherited)",
					"$(PROJECT_DIR)/BurnMan/Resources/ffmpeg-bundle",
					"$(PROJECT_DIR)/BurnMan/Resources/cdrdao-bundle",
				);
				PRODUCT_BUNDLE_IDENTIFIER = org.burnman.app;
				PROVISIONING_PROFILE_SPECIFIER = "";
				SDKROOT = macosx;
			};
			name = Debug;
		};
		B7D96DC6C55B429C536F04DD /* Release */ = {
			isa = XCBuildConfiguration;
			buildSettings = {
				ASSETCATALOG_COMPILER_APPICON_NAME = AppIcon;
				ASSETCATALOG_COMPILER_INCLUDE_ALL_APPICON_ASSETS = NO;
				CODE_SIGN_ENTITLEMENTS = BurnMan/BurnMan.entitlements;
				CODE_SIGN_IDENTITY = "Apple Development";
				CODE_SIGN_STYLE = Automatic;
				COMBINE_HIDPI_IMAGES = YES;
				DEAD_CODE_STRIPPING = YES;
				DEVELOPMENT_TEAM = "$(inherited)";
				ENABLE_HARDENED_RUNTIME = YES;
				ENABLE_USER_SCRIPT_SANDBOXING = NO;
				GENERATE_INFOPLIST_FILE = YES;
				INFOPLIST_FILE = BurnMan/Info.plist;
				INFOPLIST_KEY_CFBundleDisplayName = BurnMan;
				INFOPLIST_KEY_LSApplicationCategoryType = "public.app-category.utilities";
				LD_RUNPATH_SEARCH_PATHS = (
					"$(inherited)",
					"@executable_path/../Frameworks",
				);
				LIBRARY_SEARCH_PATHS = (
					"$(inherited)",
					"$(PROJECT_DIR)/BurnMan/Resources/ffmpeg-bundle",
					"$(PROJECT_DIR)/BurnMan/Resources/cdrdao-bundle",
				);
				PRODUCT_BUNDLE_IDENTIFIER = org.burnman.app;
				PROVISIONING_PROFILE_SPECIFIER = "";
				SDKROOT = macosx;
			};
			name = Release;
		};
/* End XCBuildConfiguration section */

/* Begin XCConfigurationList section */
		0F4455D148671D2603DADA7B /* Build configuration list for PBXProject "BurnMan" */ = {
			isa = XCConfigurationList;
			buildConfigurations = (
				44A308273606BC0B1BFD9B34 /* Debug */,
				919FD575B1251BC263E19405 /* Release */,
			);
			defaultConfigurationIsVisible = 0;
			defaultConfigurationName = Debug;
		};
		98F2645A9ED004B27A4ECB1D /* Build configuration list for PBXNativeTarget "BurnMan" */ = {
			isa = XCConfigurationList;
			buildConfigurations = (
				AF1E63E06EE6F238078AEE4D /* Debug */,
				B7D96DC6C55B429C536F04DD /* Release */,
			);
			defaultConfigurationIsVisible = 0;
			defaultConfigurationName = Debug;
		};
		BFAE1C4230952C1803864F56 /* Build configuration list for PBXNativeTarget "BurnManHelper" */ = {
			isa = XCConfigurationList;
			buildConfigurations = (
				6EB022379000050B08FB48A2 /* Debug */,
				7693A8848537E93E15DA1E06 /* Release */,
			);
			defaultConfigurationIsVisible = 0;
			defaultConfigurationName = Debug;
		};
/* End XCConfigurationList section */
	};
	rootObject = 754D79DD4B71B70925C9D5EE /* Project object */;
}
